# THIS IS AN AUTOGENERATED FILE. DO NOT EDIT THIS FILE DIRECTLY.
# yarn lockfile v1


"@types/node@^10.1.2":
  version "10.12.29"
  resolved "https://registry.yarnpkg.com/@types/node/-/node-10.12.29.tgz#c2c8d2d27bb55649fbafe8ea1731658421f38acf"

cherow@^1.6.9:
  version "1.6.9"
  resolved "https://registry.yarnpkg.com/cherow/-/cherow-1.6.9.tgz#7c5e34fce297f152a6f7853dcc9fe2f9e1b36ab8"

debug@^4.0.1:
  version "4.1.1"
  resolved "https://registry.yarnpkg.com/debug/-/debug-4.1.1.tgz#3b72260255109c6b589cee050f1d516139664791"
  dependencies:
    ms "^2.1.1"

isolated-vm@^1.7.9:
  version "1.7.9"
  resolved "https://registry.yarnpkg.com/isolated-vm/-/isolated-vm-1.7.9.tgz#c2e68058524817fa33657e4edcd1512902a8509e"

ms@^2.1.1:
  version "2.1.1"
  resolved "https://registry.yarnpkg.com/ms/-/ms-2.1.1.tgz#30a5864eb3ebb0a66f2ebe6d727af06a09d86e0a"

node-fetch@^2.2.0:
  version "2.3.0"
  resolved "https://registry.yarnpkg.com/node-fetch/-/node-fetch-2.3.0.tgz#1a1d940bbfb916a1d3e0219f037e89e71f8c5fa5"

sandwich-stream@^2.0.1:
  version "2.0.2"
  resolved "https://registry.yarnpkg.com/sandwich-stream/-/sandwich-stream-2.0.2.tgz#6d1feb6cf7e9fe9fadb41513459a72c2e84000fa"

telegraf@^3.27.1:
  version "3.27.1"
  resolved "https://registry.yarnpkg.com/telegraf/-/telegraf-3.27.1.tgz#67fbd87a6b4f414a204820f8cb30160e2078b39c"
  dependencies:
    "@types/node" "^10.1.2"
    debug "^4.0.1"
    node-fetch "^2.2.0"
    sandwich-stream "^2.0.1"
    telegram-typings "^3.6.0"

telegram-typings@^3.6.0:
  version "3.6.1"
  resolved "https://registry.yarnpkg.com/telegram-typings/-/telegram-typings-3.6.1.tgz#1288d547f8694b61f1c01c2993e295f3114d9e25"
